
Microsoft Visual Studio Solution File, Format Version 12.00
# Visual Studio 15
VisualStudioVersion = 15.0.27130.2024
MinimumVisualStudioVersion = 10.0.40219.1
Project("{FAE04EC0-301F-11D3-BF4B-00C04F79EFBC}") = "MusicSearchByGenre", "MusicSearchByGenre\MusicSearchByGenre.csproj", "{583C4366-23A3-4B06-8DAB-FAF8C7692D85}"
EndProject
Project("{9A19103F-16F7-4668-BE54-9A1E7A4F7556}") = "taglib-sharp", "src\taglib-sharp.csproj", "{4A2C411B-D55D-498A-8CDF-A98D31088F12}"
EndProject
Global
	GlobalSection(SolutionConfigurationPlatforms) = preSolution
		Debug|Any CPU = Debug|Any CPU
		Release|Any CPU = Release|Any CPU
	EndGlobalSection
	GlobalSection(ProjectConfigurationPlatforms) = postSolution
		{583C4366-23A3-4B06-8DAB-FAF8C7692D85}.Debug|Any CPU.ActiveCfg = Debug|Any CPU
		{583C4366-23A3-4B06-8DAB-FAF8C7692D85}.Debug|Any CPU.Build.0 = Debug|Any CPU
		{583C4366-23A3-4B06-8DAB-FAF8C7692D85}.Release|Any CPU.ActiveCfg = Release|Any CPU
		{583C4366-23A3-4B06-8DAB-FAF8C7692D85}.Release|Any CPU.Build.0 = Release|Any CPU
		{4A2C411B-D55D-498A-8CDF-A98D31088F12}.Debug|Any CPU.ActiveCfg = Debug|Any CPU
		{4A2C411B-D55D-498A-8CDF-A98D31088F12}.Debug|Any CPU.Build.0 = Debug|Any CPU
		{4A2C411B-D55D-498A-8CDF-A98D31088F12}.Release|Any CPU.ActiveCfg = Release|Any CPU
		{4A2C411B-D55D-498A-8CDF-A98D31088F12}.Release|Any CPU.Build.0 = Release|Any CPU
	EndGlobalSection
	GlobalSection(SolutionProperties) = preSolution
		HideSolutionNode = FALSE
	EndGlobalSection
	GlobalSection(ExtensibilityGlobals) = postSolution
		SolutionGuid = {B0DEE852-8863-4D61-BBB9-7EF6724B94A2}
	EndGlobalSection
EndGlobal
